// !$*UTF8*$!
{
	archiveVersion = 1;
	classes = {
	};
	objectVersion = 52;
	objects = {

/* Begin PBXBuildFile section */
		2A64B0A426520E4100E7F612 /* CustomTableViewCell.swift in Sources */ = {isa = PBXBuildFile; fileRef = 2A64B0A326520E4100E7F612 /* CustomTableViewCell.swift */; };
		2A64B0A72652103500E7F612 /* SDWebImage in Frameworks */ = {isa = PBXBuildFile; productRef = 2A64B0A62652103500E7F612 /* SDWebImage */; };
		2A64B0AA2652AD9B00E7F612 /* Stevia in Frameworks */ = {isa = PBXBuildFile; productRef = 2A64B0A92652AD9B00E7F612 /* Stevia */; };
		8083BB472650ABC100BC27A3 /* AppDelegate.swift in Sources */ = {isa = PBXBuildFile; fileRef = 8083BB462650ABC100BC27A3 /* AppDelegate.swift */; };
		8083BB492650ABC100BC27A3 /* SceneDelegate.swift in Sources */ = {isa = PBXBuildFile; fileRef = 8083BB482650ABC100BC27A3 /* SceneDelegate.swift */; };
		8083BB502650ABC100BC27A3 /* Assets.xcassets in Resources */ = {isa = PBXBuildFile; fileRef = 8083BB4F2650ABC100BC27A3 /* Assets.xcassets */; };
		8083BB532650ABC100BC27A3 /* LaunchScreen.storyboard in Resources */ = {isa = PBXBuildFile; fileRef = 8083BB512650ABC100BC27A3 /* LaunchScreen.storyboard */; };
		8083BB5E2650ABE800BC27A3 /* View.swift in Sources */ = {isa = PBXBuildFile; fileRef = 8083BB5D2650ABE800BC27A3 /* View.swift */; };
		8083BB612650ABF100BC27A3 /* Interactor.swift in Sources */ = {isa = PBXBuildFile; fileRef = 8083BB602650ABF100BC27A3 /* Interactor.swift */; };
		8083BB642650ABF700BC27A3 /* Presenter.swift in Sources */ = {isa = PBXBuildFile; fileRef = 8083BB632650ABF700BC27A3 /* Presenter.swift */; };
		8083BB672650AC0800BC27A3 /* Entity.swift in Sources */ = {isa = PBXBuildFile; fileRef = 8083BB662650AC0800BC27A3 /* Entity.swift */; };
		8083BB6A2650AC1000BC27A3 /* Router.swift in Sources */ = {isa = PBXBuildFile; fileRef = 8083BB692650AC1000BC27A3 /* Router.swift */; };
		8083BB6F2650AD3200BC27A3 /* achievements.json in Resources */ = {isa = PBXBuildFile; fileRef = 8083BB6E2650AD3200BC27A3 /* achievements.json */; };
/* End PBXBuildFile section */

/* Begin PBXContainerItemProxy section */
		8047AE782656ACEB009617BB /* PBXContainerItemProxy */ = {
			isa = PBXContainerItemProxy;
			containerPortal = 8083BB3B2650ABC100BC27A3 /* Project object */;
			proxyType = 1;
			remoteGlobalIDString = 8083BB422650ABC100BC27A3;
			remoteInfo = achievements;
		};
/* End PBXContainerItemProxy section */

/* Begin PBXFileReference section */
		2A64B0A326520E4100E7F612 /* CustomTableViewCell.swift */ = {isa = PBXFileReference; lastKnownFileType = sourcecode.swift; path = CustomTableViewCell.swift; sourceTree = "<group>"; };
		8047AE732656ACEB009617BB /* achievementsTests.xctest */ = {isa = PBXFileReference; explicitFileType = wrapper.cfbundle; includeInIndex = 0; path = achievementsTests.xctest; sourceTree = BUILT_PRODUCTS_DIR; };
		8083BB432650ABC100BC27A3 /* achievements.app */ = {isa = PBXFileReference; explicitFileType = wrapper.application; includeInIndex = 0; path = achievements.app; sourceTree = BUILT_PRODUCTS_DIR; };
		8083BB462650ABC100BC27A3 /* AppDelegate.swift */ = {isa = PBXFileReference; lastKnownFileType = sourcecode.swift; path = AppDelegate.swift; sourceTree = "<group>"; };
		8083BB482650ABC100BC27A3 /* SceneDelegate.swift */ = {isa = PBXFileReference; lastKnownFileType = sourcecode.swift; path = SceneDelegate.swift; sourceTree = "<group>"; };
		8083BB4F2650ABC100BC27A3 /* Assets.xcassets */ = {isa = PBXFileReference; lastKnownFileType = folder.assetcatalog; path = Assets.xcassets; sourceTree = "<group>"; };
		8083BB522650ABC100BC27A3 /* Base */ = {isa = PBXFileReference; lastKnownFileType = file.storyboard; name = Base; path = Base.lproj/LaunchScreen.storyboard; sourceTree = "<group>"; };
		8083BB542650ABC100BC27A3 /* Info.plist */ = {isa = PBXFileReference; lastKnownFileType = text.plist.xml; path = Info.plist; sourceTree = "<group>"; };
		8083BB5D2650ABE800BC27A3 /* View.swift */ = {isa = PBXFileReference; lastKnownFileType = sourcecode.swift; path = View.swift; sourceTree = "<group>"; };
		8083BB602650ABF100BC27A3 /* Interactor.swift */ = {isa = PBXFileReference; lastKnownFileType = sourcecode.swift; path = Interactor.swift; sourceTree = "<group>"; };
		8083BB632650ABF700BC27A3 /* Presenter.swift */ = {isa = PBXFileReference; lastKnownFileType = sourcecode.swift; path = Presenter.swift; sourceTree = "<group>"; };
		8083BB662650AC0800BC27A3 /* Entity.swift */ = {isa = PBXFileReference; lastKnownFileType = sourcecode.swift; path = Entity.swift; sourceTree = "<group>"; };
		8083BB692650AC1000BC27A3 /* Router.swift */ = {isa = PBXFileReference; lastKnownFileType = sourcecode.swift; path = Router.swift; sourceTree = "<group>"; };
		8083BB6E2650AD3200BC27A3 /* achievements.json */ = {isa = PBXFileReference; lastKnownFileType = text.json; path = achievements.json; sourceTree = "<group>"; };
/* End PBXFileReference section */

/* Begin PBXFrameworksBuildPhase section */
		8047AE702656ACEB009617BB /* Frameworks */ = {
			isa = PBXFrameworksBuildPhase;
			buildActionMask = 2147483647;
			files = (
			);
			runOnlyForDeploymentPostprocessing = 0;
		};
		8083BB402650ABC100BC27A3 /* Frameworks */ = {
			isa = PBXFrameworksBuildPhase;
			buildActionMask = 2147483647;
			files = (
				2A64B0AA2652AD9B00E7F612 /* Stevia in Frameworks */,
				2A64B0A72652103500E7F612 /* SDWebImage in Frameworks */,
			);
			runOnlyForDeploymentPostprocessing = 0;
		};
/* End PBXFrameworksBuildPhase section */

/* Begin PBXGroup section */
		8083BB3A2650ABC100BC27A3 = {
			isa = PBXGroup;
			children = (
				8083BB452650ABC100BC27A3 /* achievements */,
				8083BB442650ABC100BC27A3 /* Products */,
			);
			sourceTree = "<group>";
		};
		8083BB442650ABC100BC27A3 /* Products */ = {
			isa = PBXGroup;
			children = (
				8083BB432650ABC100BC27A3 /* achievements.app */,
				8047AE732656ACEB009617BB /* achievementsTests.xctest */,
			);
			name = Products;
			sourceTree = "<group>";
		};
		8083BB452650ABC100BC27A3 /* achievements */ = {
			isa = PBXGroup;
			children = (
				8083BB5C2650ABE300BC27A3 /* VIPER */,
				8083BB462650ABC100BC27A3 /* AppDelegate.swift */,
				8083BB482650ABC100BC27A3 /* SceneDelegate.swift */,
				8083BB4F2650ABC100BC27A3 /* Assets.xcassets */,
				8083BB512650ABC100BC27A3 /* LaunchScreen.storyboard */,
				8083BB542650ABC100BC27A3 /* Info.plist */,
			);
			path = achievements;
			sourceTree = "<group>";
		};
		8083BB5C2650ABE300BC27A3 /* VIPER */ = {
			isa = PBXGroup;
			children = (
				8083BB5D2650ABE800BC27A3 /* View.swift */,
				2A64B0A326520E4100E7F612 /* CustomTableViewCell.swift */,
				8083BB602650ABF100BC27A3 /* Interactor.swift */,
				8083BB632650ABF700BC27A3 /* Presenter.swift */,
				8083BB662650AC0800BC27A3 /* Entity.swift */,
				8083BB692650AC1000BC27A3 /* Router.swift */,
				8083BB6E2650AD3200BC27A3 /* achievements.json */,
			);
			path = VIPER;
			sourceTree = "<group>";
		};
/* End PBXGroup section */

/* Begin PBXNativeTarget section */
		8047AE722656ACEB009617BB /* achievementsTests */ = {
			isa = PBXNativeTarget;
			buildConfigurationList = 8047AE7C2656ACEB009617BB /* Build configuration list for PBXNativeTarget "achievementsTests" */;
			buildPhases = (
				8047AE6F2656ACEB009617BB /* Sources */,
				8047AE702656ACEB009617BB /* Frameworks */,
				8047AE712656ACEB009617BB /* Resources */,
			);
			buildRules = (
			);
			dependencies = (
				8047AE792656ACEB009617BB /* PBXTargetDependency */,
			);
			name = achievementsTests;
			productName = achievementsTests;
			productReference = 8047AE732656ACEB009617BB /* achievementsTests.xctest */;
			productType = "com.apple.product-type.bundle.unit-test";
		};
		8083BB422650ABC100BC27A3 /* achievements */ = {
			isa = PBXNativeTarget;
			buildConfigurationList = 8083BB572650ABC100BC27A3 /* Build configuration list for PBXNativeTarget "achievements" */;
			buildPhases = (
				8083BB3F2650ABC100BC27A3 /* Sources */,
				8083BB402650ABC100BC27A3 /* Frameworks */,
				8083BB412650ABC100BC27A3 /* Resources */,
			);
			buildRules = (
			);
			dependencies = (
			);
			name = achievements;
			packageProductDependencies = (
				2A64B0A62652103500E7F612 /* SDWebImage */,
				2A64B0A92652AD9B00E7F612 /* Stevia */,
			);
			productName = achievements;
			productReference = 8083BB432650ABC100BC27A3 /* achievements.app */;
			productType = "com.apple.product-type.application";
		};
/* End PBXNativeTarget section */

/* Begin PBXProject section */
		8083BB3B2650ABC100BC27A3 /* Project object */ = {
			isa = PBXProject;
			attributes = {
				LastSwiftUpdateCheck = 1240;
				LastUpgradeCheck = 1240;
				TargetAttributes = {
					8047AE722656ACEB009617BB = {
						CreatedOnToolsVersion = 12.4;
						TestTargetID = 8083BB422650ABC100BC27A3;
					};
					8083BB422650ABC100BC27A3 = {
						CreatedOnToolsVersion = 12.4;
					};
				};
			};
			buildConfigurationList = 8083BB3E2650ABC100BC27A3 /* Build configuration list for PBXProject "achievements" */;
			compatibilityVersion = "Xcode 9.3";
			developmentRegion = en;
			hasScannedForEncodings = 0;
			knownRegions = (
				en,
				Base,
			);
			mainGroup = 8083BB3A2650ABC100BC27A3;
			packageReferences = (
				2A64B0A52652103500E7F612 /* XCRemoteSwiftPackageReference "SDWebImage" */,
				2A64B0A82652AD9B00E7F612 /* XCRemoteSwiftPackageReference "Stevia" */,
			);
			productRefGroup = 8083BB442650ABC100BC27A3 /* Products */;
			projectDirPath = "";
			projectRoot = "";
			targets = (
				8083BB422650ABC100BC27A3 /* achievements */,
				8047AE722656ACEB009617BB /* achievementsTests */,
			);
		};
/* End PBXProject section */

/* Begin PBXResourcesBuildPhase section */
		8047AE712656ACEB009617BB /* Resources */ = {
			isa = PBXResourcesBuildPhase;
			buildActionMask = 2147483647;
			files = (
			);
			runOnlyForDeploymentPostprocessing = 0;
		};
		8083BB412650ABC100BC27A3 /* Resources */ = {
			isa = PBXResourcesBuildPhase;
			buildActionMask = 2147483647;
			files = (
				8083BB6F2650AD3200BC27A3 /* achievements.json in Resources */,
				8083BB532650ABC100BC27A3 /* LaunchScreen.storyboard in Resources */,
				8083BB502650ABC100BC27A3 /* Assets.xcassets in Resources */,
			);
			runOnlyForDeploymentPostprocessing = 0;
		};
/* End PBXResourcesBuildPhase section */

/* Begin PBXSourcesBuildPhase section */
		8047AE6F2656ACEB009617BB /* Sources */ = {
			isa = PBXSourcesBuildPhase;
			buildActionMask = 2147483647;
			files = (
			);
			runOnlyForDeploymentPostprocessing = 0;
		};
		8083BB3F2650ABC100BC27A3 /* Sources */ = {
			isa = PBXSourcesBuildPhase;
			buildActionMask = 2147483647;
			files = (
				8083BB6A2650AC1000BC27A3 /* Router.swift in Sources */,
				8083BB642650ABF700BC27A3 /* Presenter.swift in Sources */,
				2A64B0A426520E4100E7F612 /* CustomTableViewCell.swift in Sources */,
				8083BB5E2650ABE800BC27A3 /* View.swift in Sources */,
				8083BB672650AC0800BC27A3 /* Entity.swift in Sources */,
				8083BB612650ABF100BC27A3 /* Interactor.swift in Sources */,
				8083BB472650ABC100BC27A3 /* AppDelegate.swift in Sources */,
				8083BB492650ABC100BC27A3 /* SceneDelegate.swift in Sources */,
			);
			runOnlyForDeploymentPostprocessing = 0;
		};
/* End PBXSourcesBuildPhase section */

/* Begin PBXTargetDependency section */
		8047AE792656ACEB009617BB /* PBXTargetDependency */ = {
			isa = PBXTargetDependency;
			target = 8083BB422650ABC100BC27A3 /* achievements */;
			targetProxy = 8047AE782656ACEB009617BB /* PBXContainerItemProxy */;
		};
/* End PBXTargetDependency section */

/* Begin PBXVariantGroup section */
		8083BB512650ABC100BC27A3 /* LaunchScreen.storyboard */ = {
			isa = PBXVariantGroup;
			children = (
				8083BB522650ABC100BC27A3 /* Base */,
			);
			name = LaunchScreen.storyboard;
			sourceTree = "<group>";
		};
/* End PBXVariantGroup section */

/* Begin XCBuildConfiguration section */
		8047AE7A2656ACEB009617BB /* Debug */ = {
			isa = XCBuildConfiguration;
			buildSettings = {
				BUNDLE_LOADER = "$(TEST_HOST)";
				CODE_SIGN_STYLE = Automatic;
				DEVELOPMENT_TEAM = D949FXATB8;
				INFOPLIST_FILE = achievementsTests/Info.plist;
				LD_RUNPATH_SEARCH_PATHS = (
					"$(inherited)",
					"@executable_path/Frameworks",
					"@loader_path/Frameworks",
				);
				PRODUCT_BUNDLE_IDENTIFIER = "nouman-mehmood.achievementsTests";
				PRODUCT_NAME = "$(TARGET_NAME)";
				SWIFT_VERSION = 5.0;
				TARGETED_DEVICE_FAMILY = "1,2";
				TEST_HOST = "$(BUILT_PRODUCTS_DIR)/achievements.app/achievements";
			};
			name = Debug;
		};
		8047AE7B2656ACEB009617BB /* Release */ = {
			isa = XCBuildConfiguration;
			buildSettings = {
				BUNDLE_LOADER = "$(TEST_HOST)";
				CODE_SIGN_STYLE = Automatic;
				DEVELOPMENT_TEAM = D949FXATB8;
				INFOPLIST_FILE = achievementsTests/Info.plist;
				LD_RUNPATH_SEARCH_PATHS = (
					"$(inherited)",
					"@executable_path/Frameworks",
					"@loader_path/Frameworks",
				);
				PRODUCT_BUNDLE_IDENTIFIER = "nouman-mehmood.achievementsTests";
				PRODUCT_NAME = "$(TARGET_NAME)";
				SWIFT_VERSION = 5.0;
				TARGETED_DEVICE_FAMILY = "1,2";
				TEST_HOST = "$(BUILT_PRODUCTS_DIR)/achievements.app/achievements";
			};
			name = Release;
		};
		8083BB552650ABC100BC27A3 /* Debug */ = {
			isa = XCBuildConfiguration;
			buildSettings = {
				ALWAYS_SEARCH_USER_PATHS = NO;
				CLANG_ANALYZER_NONNULL = YES;
				CLANG_ANALYZER_NUMBER_OBJECT_CONVERSION = YES_AGGRESSIVE;
				CLANG_CXX_LANGUAGE_STANDARD = "gnu++14";
				CLANG_CXX_LIBRARY = "libc++";
				CLANG_ENABLE_MODULES = YES;
				CLANG_ENABLE_OBJC_ARC = YES;
				CLANG_ENABLE_OBJC_WEAK = YES;
				CLANG_WARN_BLOCK_CAPTURE_AUTORELEASING = YES;
				CLANG_WARN_BOOL_CONVERSION = YES;
				CLANG_WARN_COMMA = YES;
				CLANG_WARN_CONSTANT_CONVERSION = YES;
				CLANG_WARN_DEPRECATED_OBJC_IMPLEMENTATIONS = YES;
				CLANG_WARN_DIRECT_OBJC_ISA_USAGE = YES_ERROR;
				CLANG_WARN_DOCUMENTATION_COMMENTS = YES;
				CLANG_WARN_EMPTY_BODY = YES;
				CLANG_WARN_ENUM_CONVERSION = YES;
				CLANG_WARN_INFINITE_RECURSION = YES;
				CLANG_WARN_INT_CONVERSION = YES;
				CLANG_WARN_NON_LITERAL_NULL_CONVERSION = YES;
				CLANG_WARN_OBJC_IMPLICIT_RETAIN_SELF = YES;
				CLANG_WARN_OBJC_LITERAL_CONVERSION = YES;
				CLANG_WARN_OBJC_ROOT_CLASS = YES_ERROR;
				CLANG_WARN_QUOTED_INCLUDE_IN_FRAMEWORK_HEADER = YES;
				CLANG_WARN_RANGE_LOOP_ANALYSIS = YES;
				CLANG_WARN_STRICT_PROTOTYPES = YES;
				CLANG_WARN_SUSPICIOUS_MOVE = YES;
				CLANG_WARN_UNGUARDED_AVAILABILITY = YES_AGGRESSIVE;
				CLANG_WARN_UNREACHABLE_CODE = YES;
				CLANG_WARN__DUPLICATE_METHOD_MATCH = YES;
				COPY_PHASE_STRIP = NO;
				DEBUG_INFORMATION_FORMAT = dwarf;
				ENABLE_STRICT_OBJC_MSGSEND = YES;
				ENABLE_TESTABILITY = YES;
				GCC_C_LANGUAGE_STANDARD = gnu11;
				GCC_DYNAMIC_NO_PIC = NO;
				GCC_NO_COMMON_BLOCKS = YES;
				GCC_OPTIMIZATION_LEVEL = 0;
				GCC_PREPROCESSOR_DEFINITIONS = (
					"DEBUG=1",
					"$(inherited)",
				);
				GCC_WARN_64_TO_32_BIT_CONVERSION = YES;
				GCC_WARN_ABOUT_RETURN_TYPE = YES_ERROR;
				GCC_WARN_UNDECLARED_SELECTOR = YES;
				GCC_WARN_UNINITIALIZED_AUTOS = YES_AGGRESSIVE;
				GCC_WARN_UNUSED_FUNCTION = YES;
				GCC_WARN_UNUSED_VARIABLE = YES;
				IPHONEOS_DEPLOYMENT_TARGET = 14.4;
				MTL_ENABLE_DEBUG_INFO = INCLUDE_SOURCE;
				MTL_FAST_MATH = YES;
				ONLY_ACTIVE_ARCH = YES;
				SDKROOT = iphoneos;
				SWIFT_ACTIVE_COMPILATION_CONDITIONS = DEBUG;
				SWIFT_OPTIMIZATION_LEVEL = "-Onone";
			};
			name = Debug;
		};
		8083BB562650ABC100BC27A3 /* Release */ = {
			isa = XCBuildConfiguration;
			buildSettings = {
				ALWAYS_SEARCH_USER_PATHS = NO;
				CLANG_ANALYZER_NONNULL = YES;
				CLANG_ANALYZER_NUMBER_OBJECT_CONVERSION = YES_AGGRESSIVE;
				CLANG_CXX_LANGUAGE_STANDARD = "gnu++14";
				CLANG_CXX_LIBRARY = "libc++";
				CLANG_ENABLE_MODULES = YES;
				CLANG_ENABLE_OBJC_ARC = YES;
				CLANG_ENABLE_OBJC_WEAK = YES;
				CLANG_WARN_BLOCK_CAPTURE_AUTORELEASING = YES;
				CLANG_WARN_BOOL_CONVERSION = YES;
				CLANG_WARN_COMMA = YES;
				CLANG_WARN_CONSTANT_CONVERSION = YES;
				CLANG_WARN_DEPRECATED_OBJC_IMPLEMENTATIONS = YES;
				CLANG_WARN_DIRECT_OBJC_ISA_USAGE = YES_ERROR;
				CLANG_WARN_DOCUMENTATION_COMMENTS = YES;
				CLANG_WARN_EMPTY_BODY = YES;
				CLANG_WARN_ENUM_CONVERSION = YES;
				CLANG_WARN_INFINITE_RECURSION = YES;
				CLANG_WARN_INT_CONVERSION = YES;
				CLANG_WARN_NON_LITERAL_NULL_CONVERSION = YES;
				CLANG_WARN_OBJC_IMPLICIT_RETAIN_SELF = YES;
				CLANG_WARN_OBJC_LITERAL_CONVERSION = YES;
				CLANG_WARN_OBJC_ROOT_CLASS = YES_ERROR;
				CLANG_WARN_QUOTED_INCLUDE_IN_FRAMEWORK_HEADER = YES;
				CLANG_WARN_RANGE_LOOP_ANALYSIS = YES;
				CLANG_WARN_STRICT_PROTOTYPES = YES;
				CLANG_WARN_SUSPICIOUS_MOVE = YES;
				CLANG_WARN_UNGUARDED_AVAILABILITY = YES_AGGRESSIVE;
				CLANG_WARN_UNREACHABLE_CODE = YES;
				CLANG_WARN__DUPLICATE_METHOD_MATCH = YES;
				COPY_PHASE_STRIP = NO;
				DEBUG_INFORMATION_FORMAT = "dwarf-with-dsym";
				ENABLE_NS_ASSERTIONS = NO;
				ENABLE_STRICT_OBJC_MSGSEND = YES;
				GCC_C_LANGUAGE_STANDARD = gnu11;
				GCC_NO_COMMON_BLOCKS = YES;
				GCC_WARN_64_TO_32_BIT_CONVERSION = YES;
				GCC_WARN_ABOUT_RETURN_TYPE = YES_ERROR;
				GCC_WARN_UNDECLARED_SELECTOR = YES;
				GCC_WARN_UNINITIALIZED_AUTOS = YES_AGGRESSIVE;
				GCC_WARN_UNUSED_FUNCTION = YES;
				GCC_WARN_UNUSED_VARIABLE = YES;
				IPHONEOS_DEPLOYMENT_TARGET = 14.4;
				MTL_ENABLE_DEBUG_INFO = NO;
				MTL_FAST_MATH = YES;
				SDKROOT = iphoneos;
				SWIFT_COMPILATION_MODE = wholemodule;
				SWIFT_OPTIMIZATION_LEVEL = "-O";
				VALIDATE_PRODUCT = YES;
			};
			name = Release;
		};
		8083BB582650ABC100BC27A3 /* Debug */ = {
			isa = XCBuildConfiguration;
			buildSettings = {
				ASSETCATALOG_COMPILER_APPICON_NAME = AppIcon;
				ASSETCATALOG_COMPILER_GLOBAL_ACCENT_COLOR_NAME = AccentColor;
				CODE_SIGN_STYLE = Automatic;
				DEVELOPMENT_TEAM = D949FXATB8;
				INFOPLIST_FILE = achievements/Info.plist;
				LD_RUNPATH_SEARCH_PATHS = (
					"$(inherited)",
					"@executable_path/Frameworks",
				);
				PRODUCT_BUNDLE_IDENTIFIER = "nouman-mehmood.achievements";
				PRODUCT_NAME = "$(TARGET_NAME)";
				SWIFT_VERSION = 5.0;
				TARGETED_DEVICE_FAMILY = "1,2";
			};
			name = Debug;
		};
		8083BB592650ABC100BC27A3 /* Release */ = {
			isa = XCBuildConfiguration;
			buildSettings = {
				ASSETCATALOG_COMPILER_APPICON_NAME = AppIcon;
				ASSETCATALOG_COMPILER_GLOBAL_ACCENT_COLOR_NAME = AccentColor;
				CODE_SIGN_STYLE = Automatic;
				DEVELOPMENT_TEAM = D949FXATB8;
				INFOPLIST_FILE = achievements/Info.plist;
				LD_RUNPATH_SEARCH_PATHS = (
					"$(inherited)",
					"@executable_path/Frameworks",
				);
				PRODUCT_BUNDLE_IDENTIFIER = "nouman-mehmood.achievements";
				PRODUCT_NAME = "$(TARGET_NAME)";
				SWIFT_VERSION = 5.0;
				TARGETED_DEVICE_FAMILY = "1,2";
			};
			name = Release;
		};
/* End XCBuildConfiguration section */

/* Begin XCConfigurationList section */
		8047AE7C2656ACEB009617BB /* Build configuration list for PBXNativeTarget "achievementsTests" */ = {
			isa = XCConfigurationList;
			buildConfigurations = (
				8047AE7A2656ACEB009617BB /* Debug */,
				8047AE7B2656ACEB009617BB /* Release */,
			);
			defaultConfigurationIsVisible = 0;
			defaultConfigurationName = Release;
		};
		8083BB3E2650ABC100BC27A3 /* Build configuration list for PBXProject "achievements" */ = {
			isa = XCConfigurationList;
			buildConfigurations = (
				8083BB552650ABC100BC27A3 /* Debug */,
				8083BB562650ABC100BC27A3 /* Release */,
			);
			defaultConfigurationIsVisible = 0;
			defaultConfigurationName = Release;
		};
		8083BB572650ABC100BC27A3 /* Build configuration list for PBXNativeTarget "achievements" */ = {
			isa = XCConfigurationList;
			buildConfigurations = (
				8083BB582650ABC100BC27A3 /* Debug */,
				8083BB592650ABC100BC27A3 /* Release */,
			);
			defaultConfigurationIsVisible = 0;
			defaultConfigurationName = Release;
		};
/* End XCConfigurationList section */

/* Begin XCRemoteSwiftPackageReference section */
		2A64B0A52652103500E7F612 /* XCRemoteSwiftPackageReference "SDWebImage" */ = {
			isa = XCRemoteSwiftPackageReference;
			repositoryURL = "https://github.com/SDWebImage/SDWebImage.git";
			requirement = {
				kind = upToNextMajorVersion;
				minimumVersion = 5.11.1;
			};
		};
		2A64B0A82652AD9B00E7F612 /* XCRemoteSwiftPackageReference "Stevia" */ = {
			isa = XCRemoteSwiftPackageReference;
			repositoryURL = "https://github.com/freshOS/Stevia.git";
			requirement = {
				kind = upToNextMajorVersion;
				minimumVersion = 5.1.1;
			};
		};
/* End XCRemoteSwiftPackageReference section */

/* Begin XCSwiftPackageProductDependency section */
		2A64B0A62652103500E7F612 /* SDWebImage */ = {
			isa = XCSwiftPackageProductDependency;
			package = 2A64B0A52652103500E7F612 /* XCRemoteSwiftPackageReference "SDWebImage" */;
			productName = SDWebImage;
		};
		2A64B0A92652AD9B00E7F612 /* Stevia */ = {
			isa = XCSwiftPackageProductDependency;
			package = 2A64B0A82652AD9B00E7F612 /* XCRemoteSwiftPackageReference "Stevia" */;
			productName = Stevia;
		};
/* End XCSwiftPackageProductDependency section */
	};
	rootObject = 8083BB3B2650ABC100BC27A3 /* Project object */;
}
